
Microsoft Visual Studio Solution File, Format Version 12.00
# Visual Studio Version 17
VisualStudioVersion = 17.14.36429.23 d17.14
MinimumVisualStudioVersion = 10.0.40219.1
Project("{FAE04EC0-301F-11D3-BF4B-00C04F79EFBC}") = "JadooTravelCore", "JadooTravelCore\JadooTravelCore.csproj", "{9AF8DC92-9B26-47AC-B126-E92C81F76DFD}"
EndProject
Global
	GlobalSection(SolutionConfigurationPlatforms) = preSolution
		Debug|Any CPU = Debug|Any CPU
		Release|Any CPU = Release|Any CPU
	EndGlobalSection
	GlobalSection(ProjectConfigurationPlatforms) = postSolution
		{9AF8DC92-9B26-47AC-B126-E92C81F76DFD}.Debug|Any CPU.ActiveCfg = Debug|Any CPU
		{9AF8DC92-9B26-47AC-B126-E92C81F76DFD}.Debug|Any CPU.Build.0 = Debug|Any CPU
		{9AF8DC92-9B26-47AC-B126-E92C81F76DFD}.Release|Any CPU.ActiveCfg = Release|Any CPU
		{9AF8DC92-9B26-47AC-B126-E92C81F76DFD}.Release|Any CPU.Build.0 = Release|Any CPU
	EndGlobalSection
	GlobalSection(SolutionProperties) = preSolution
		HideSolutionNode = FALSE
	EndGlobalSection
	GlobalSection(ExtensibilityGlobals) = postSolution
		SolutionGuid = {F977B12D-2DD9-4979-9AD8-8ED78B8E2907}
	EndGlobalSection
EndGlobal
